
Microsoft Visual Studio Solution File, Format Version 12.00
# Visual Studio Version 17
VisualStudioVersion = 17.11.35219.272
MinimumVisualStudioVersion = 10.0.40219.1
Project("{FAE04EC0-301F-11D3-BF4B-00C04F79EFBC}") = "ConsoleApp114", "ConsoleApp114\ConsoleApp114.csproj", "{21F92DD0-18DB-48B9-A36C-80A728E39B20}"
EndProject
Global
	GlobalSection(SolutionConfigurationPlatforms) = preSolution
		Debug|Any CPU = Debug|Any CPU
		Release|Any CPU = Release|Any CPU
	EndGlobalSection
	GlobalSection(ProjectConfigurationPlatforms) = postSolution
		{21F92DD0-18DB-48B9-A36C-80A728E39B20}.Debug|Any CPU.ActiveCfg = Debug|Any CPU
		{21F92DD0-18DB-48B9-A36C-80A728E39B20}.Debug|Any CPU.Build.0 = Debug|Any CPU
		{21F92DD0-18DB-48B9-A36C-80A728E39B20}.Release|Any CPU.ActiveCfg = Release|Any CPU
		{21F92DD0-18DB-48B9-A36C-80A728E39B20}.Release|Any CPU.Build.0 = Release|Any CPU
	EndGlobalSection
	GlobalSection(SolutionProperties) = preSolution
		HideSolutionNode = FALSE
	EndGlobalSection
	GlobalSection(ExtensibilityGlobals) = postSolution
		SolutionGuid = {21698E8B-BCD0-49AE-9845-08D91F9B09FA}
	EndGlobalSection
EndGlobal
