
Microsoft Visual Studio Solution File, Format Version 12.00
# Visual Studio Version 17
VisualStudioVersion = 17.10.35013.160
MinimumVisualStudioVersion = 10.0.40219.1
Project("{FAE04EC0-301F-11D3-BF4B-00C04F79EFBC}") = "WpfApp15", "WpfApp15\WpfApp15.csproj", "{8EFA5A49-6992-4905-AFCA-9C68132D22F4}"
EndProject
Global
	GlobalSection(SolutionConfigurationPlatforms) = preSolution
		Debug|Any CPU = Debug|Any CPU
		Release|Any CPU = Release|Any CPU
	EndGlobalSection
	GlobalSection(ProjectConfigurationPlatforms) = postSolution
		{8EFA5A49-6992-4905-AFCA-9C68132D22F4}.Debug|Any CPU.ActiveCfg = Debug|Any CPU
		{8EFA5A49-6992-4905-AFCA-9C68132D22F4}.Debug|Any CPU.Build.0 = Debug|Any CPU
		{8EFA5A49-6992-4905-AFCA-9C68132D22F4}.Release|Any CPU.ActiveCfg = Release|Any CPU
		{8EFA5A49-6992-4905-AFCA-9C68132D22F4}.Release|Any CPU.Build.0 = Release|Any CPU
	EndGlobalSection
	GlobalSection(SolutionProperties) = preSolution
		HideSolutionNode = FALSE
	EndGlobalSection
	GlobalSection(ExtensibilityGlobals) = postSolution
		SolutionGuid = {09434280-4B6C-4FC5-90D8-8A083BDC65FA}
	EndGlobalSection
EndGlobal
