
Microsoft Visual Studio Solution File, Format Version 12.00
# Visual Studio Version 17
VisualStudioVersion = 17.4.33213.308
MinimumVisualStudioVersion = 10.0.40219.1
Project("{FAE04EC0-301F-11D3-BF4B-00C04F79EFBC}") = "binarySearch vs index", "binarySearch vs index\binarySearch vs index.csproj", "{74521FE1-45E5-4A40-9D97-F298367CBB0D}"
EndProject
Global
	GlobalSection(SolutionConfigurationPlatforms) = preSolution
		Debug|Any CPU = Debug|Any CPU
		Release|Any CPU = Release|Any CPU
	EndGlobalSection
	GlobalSection(ProjectConfigurationPlatforms) = postSolution
		{74521FE1-45E5-4A40-9D97-F298367CBB0D}.Debug|Any CPU.ActiveCfg = Debug|Any CPU
		{74521FE1-45E5-4A40-9D97-F298367CBB0D}.Debug|Any CPU.Build.0 = Debug|Any CPU
		{74521FE1-45E5-4A40-9D97-F298367CBB0D}.Release|Any CPU.ActiveCfg = Release|Any CPU
		{74521FE1-45E5-4A40-9D97-F298367CBB0D}.Release|Any CPU.Build.0 = Release|Any CPU
	EndGlobalSection
	GlobalSection(SolutionProperties) = preSolution
		HideSolutionNode = FALSE
	EndGlobalSection
	GlobalSection(ExtensibilityGlobals) = postSolution
		SolutionGuid = {CC37268E-E0D4-4616-9E36-5C0F25834F36}
	EndGlobalSection
EndGlobal
