
Microsoft Visual Studio Solution File, Format Version 12.00
# Visual Studio Version 17
VisualStudioVersion = 17.1.32421.90
MinimumVisualStudioVersion = 10.0.40219.1
Project("{FAE04EC0-301F-11D3-BF4B-00C04F79EFBC}") = "Classes and Objects", "Classes and Objects\Classes and Objects.csproj", "{77C5A6EB-F2C0-41EB-8180-A88DC87FDB66}"
EndProject
Global
	GlobalSection(SolutionConfigurationPlatforms) = preSolution
		Debug|Any CPU = Debug|Any CPU
		Release|Any CPU = Release|Any CPU
	EndGlobalSection
	GlobalSection(ProjectConfigurationPlatforms) = postSolution
		{77C5A6EB-F2C0-41EB-8180-A88DC87FDB66}.Debug|Any CPU.ActiveCfg = Debug|Any CPU
		{77C5A6EB-F2C0-41EB-8180-A88DC87FDB66}.Debug|Any CPU.Build.0 = Debug|Any CPU
		{77C5A6EB-F2C0-41EB-8180-A88DC87FDB66}.Release|Any CPU.ActiveCfg = Release|Any CPU
		{77C5A6EB-F2C0-41EB-8180-A88DC87FDB66}.Release|Any CPU.Build.0 = Release|Any CPU
	EndGlobalSection
	GlobalSection(SolutionProperties) = preSolution
		HideSolutionNode = FALSE
	EndGlobalSection
	GlobalSection(ExtensibilityGlobals) = postSolution
		SolutionGuid = {F215B936-C8FA-4928-A3F1-1D1AE1EF31C1}
	EndGlobalSection
EndGlobal
