
Microsoft Visual Studio Solution File, Format Version 12.00
# Visual Studio Version 17
VisualStudioVersion = 17.2.32526.322
MinimumVisualStudioVersion = 10.0.40219.1
Project("{FAE04EC0-301F-11D3-BF4B-00C04F79EFBC}") = "WindowsFormsApp4", "WindowsFormsApp4\WindowsFormsApp4.csproj", "{3468984D-3140-4E78-BBC0-D1DA067FABD9}"
EndProject
Global
	GlobalSection(SolutionConfigurationPlatforms) = preSolution
		Debug|Any CPU = Debug|Any CPU
		Release|Any CPU = Release|Any CPU
	EndGlobalSection
	GlobalSection(ProjectConfigurationPlatforms) = postSolution
		{3468984D-3140-4E78-BBC0-D1DA067FABD9}.Debug|Any CPU.ActiveCfg = Debug|Any CPU
		{3468984D-3140-4E78-BBC0-D1DA067FABD9}.Debug|Any CPU.Build.0 = Debug|Any CPU
		{3468984D-3140-4E78-BBC0-D1DA067FABD9}.Release|Any CPU.ActiveCfg = Release|Any CPU
		{3468984D-3140-4E78-BBC0-D1DA067FABD9}.Release|Any CPU.Build.0 = Release|Any CPU
	EndGlobalSection
	GlobalSection(SolutionProperties) = preSolution
		HideSolutionNode = FALSE
	EndGlobalSection
	GlobalSection(ExtensibilityGlobals) = postSolution
		SolutionGuid = {D5B4026C-6A44-4E1A-8D19-47BB7DB4E9A8}
	EndGlobalSection
EndGlobal
