
Microsoft Visual Studio Solution File, Format Version 12.00
# Visual Studio Version 17
VisualStudioVersion = 17.2.32526.322
MinimumVisualStudioVersion = 10.0.40219.1
Project("{FAE04EC0-301F-11D3-BF4B-00C04F79EFBC}") = "ProgressBarExample", "ProgressBarExample\ProgressBarExample.csproj", "{8072A91F-6B7B-4347-A406-2CA50A2258CA}"
EndProject
Global
	GlobalSection(SolutionConfigurationPlatforms) = preSolution
		Debug|Any CPU = Debug|Any CPU
		Release|Any CPU = Release|Any CPU
	EndGlobalSection
	GlobalSection(ProjectConfigurationPlatforms) = postSolution
		{8072A91F-6B7B-4347-A406-2CA50A2258CA}.Debug|Any CPU.ActiveCfg = Debug|Any CPU
		{8072A91F-6B7B-4347-A406-2CA50A2258CA}.Debug|Any CPU.Build.0 = Debug|Any CPU
		{8072A91F-6B7B-4347-A406-2CA50A2258CA}.Release|Any CPU.ActiveCfg = Release|Any CPU
		{8072A91F-6B7B-4347-A406-2CA50A2258CA}.Release|Any CPU.Build.0 = Release|Any CPU
	EndGlobalSection
	GlobalSection(SolutionProperties) = preSolution
		HideSolutionNode = FALSE
	EndGlobalSection
	GlobalSection(ExtensibilityGlobals) = postSolution
		SolutionGuid = {BE305344-04F9-450C-B789-DE16EBE4C3BF}
	EndGlobalSection
EndGlobal
