
Microsoft Visual Studio Solution File, Format Version 12.00
# Visual Studio Version 17
VisualStudioVersion = 17.1.32421.90
MinimumVisualStudioVersion = 10.0.40219.1
Project("{FAE04EC0-301F-11D3-BF4B-00C04F79EFBC}") = "if then", "if then\if then.csproj", "{7C1A9AB7-0B79-46F2-8EBC-745C111219F1}"
EndProject
Global
	GlobalSection(SolutionConfigurationPlatforms) = preSolution
		Debug|Any CPU = Debug|Any CPU
		Release|Any CPU = Release|Any CPU
	EndGlobalSection
	GlobalSection(ProjectConfigurationPlatforms) = postSolution
		{7C1A9AB7-0B79-46F2-8EBC-745C111219F1}.Debug|Any CPU.ActiveCfg = Debug|Any CPU
		{7C1A9AB7-0B79-46F2-8EBC-745C111219F1}.Debug|Any CPU.Build.0 = Debug|Any CPU
		{7C1A9AB7-0B79-46F2-8EBC-745C111219F1}.Release|Any CPU.ActiveCfg = Release|Any CPU
		{7C1A9AB7-0B79-46F2-8EBC-745C111219F1}.Release|Any CPU.Build.0 = Release|Any CPU
	EndGlobalSection
	GlobalSection(SolutionProperties) = preSolution
		HideSolutionNode = FALSE
	EndGlobalSection
	GlobalSection(ExtensibilityGlobals) = postSolution
		SolutionGuid = {84628858-358F-4EFC-A5E4-2CA276E8EBA4}
	EndGlobalSection
EndGlobal
