
Microsoft Visual Studio Solution File, Format Version 12.00
# Visual Studio Version 17
VisualStudioVersion = 17.10.35027.167
MinimumVisualStudioVersion = 10.0.40219.1
Project("{FAE04EC0-301F-11D3-BF4B-00C04F79EFBC}") = "NewLock", "NewLock\NewLock.csproj", "{3B1B414A-9AC3-478A-97C2-9C6D1401348F}"
EndProject
Global
	GlobalSection(SolutionConfigurationPlatforms) = preSolution
		Debug|Any CPU = Debug|Any CPU
		Release|Any CPU = Release|Any CPU
	EndGlobalSection
	GlobalSection(ProjectConfigurationPlatforms) = postSolution
		{3B1B414A-9AC3-478A-97C2-9C6D1401348F}.Debug|Any CPU.ActiveCfg = Debug|Any CPU
		{3B1B414A-9AC3-478A-97C2-9C6D1401348F}.Debug|Any CPU.Build.0 = Debug|Any CPU
		{3B1B414A-9AC3-478A-97C2-9C6D1401348F}.Release|Any CPU.ActiveCfg = Release|Any CPU
		{3B1B414A-9AC3-478A-97C2-9C6D1401348F}.Release|Any CPU.Build.0 = Release|Any CPU
	EndGlobalSection
	GlobalSection(SolutionProperties) = preSolution
		HideSolutionNode = FALSE
	EndGlobalSection
	GlobalSection(ExtensibilityGlobals) = postSolution
		SolutionGuid = {28D4DD83-5B4A-4F91-9320-A98ADF1504A3}
	EndGlobalSection
EndGlobal
