
Microsoft Visual Studio Solution File, Format Version 12.00
# Visual Studio Version 17
VisualStudioVersion = 17.4.33403.182
MinimumVisualStudioVersion = 10.0.40219.1
Project("{FAE04EC0-301F-11D3-BF4B-00C04F79EFBC}") = "MultiThreading", "MultiThreading\MultiThreading.csproj", "{3398565C-6D44-44DB-BB87-2F948BC67CD7}"
EndProject
Global
	GlobalSection(SolutionConfigurationPlatforms) = preSolution
		Debug|Any CPU = Debug|Any CPU
		Release|Any CPU = Release|Any CPU
	EndGlobalSection
	GlobalSection(ProjectConfigurationPlatforms) = postSolution
		{3398565C-6D44-44DB-BB87-2F948BC67CD7}.Debug|Any CPU.ActiveCfg = Debug|Any CPU
		{3398565C-6D44-44DB-BB87-2F948BC67CD7}.Debug|Any CPU.Build.0 = Debug|Any CPU
		{3398565C-6D44-44DB-BB87-2F948BC67CD7}.Release|Any CPU.ActiveCfg = Release|Any CPU
		{3398565C-6D44-44DB-BB87-2F948BC67CD7}.Release|Any CPU.Build.0 = Release|Any CPU
	EndGlobalSection
	GlobalSection(SolutionProperties) = preSolution
		HideSolutionNode = FALSE
	EndGlobalSection
	GlobalSection(ExtensibilityGlobals) = postSolution
		SolutionGuid = {488195C8-3461-4CB9-BE4B-25C6C782A74C}
	EndGlobalSection
EndGlobal
