
Microsoft Visual Studio Solution File, Format Version 12.00
# Visual Studio Version 17
VisualStudioVersion = 17.2.32526.322
MinimumVisualStudioVersion = 10.0.40219.1
Project("{FAE04EC0-301F-11D3-BF4B-00C04F79EFBC}") = "_07_Arrays", "_07_Arrays\_07_Arrays.csproj", "{55BF201F-34EC-4F4B-AB23-7DAA4E2AA0F3}"
EndProject
Global
	GlobalSection(SolutionConfigurationPlatforms) = preSolution
		Debug|Any CPU = Debug|Any CPU
		Release|Any CPU = Release|Any CPU
	EndGlobalSection
	GlobalSection(ProjectConfigurationPlatforms) = postSolution
		{55BF201F-34EC-4F4B-AB23-7DAA4E2AA0F3}.Debug|Any CPU.ActiveCfg = Debug|Any CPU
		{55BF201F-34EC-4F4B-AB23-7DAA4E2AA0F3}.Debug|Any CPU.Build.0 = Debug|Any CPU
		{55BF201F-34EC-4F4B-AB23-7DAA4E2AA0F3}.Release|Any CPU.ActiveCfg = Release|Any CPU
		{55BF201F-34EC-4F4B-AB23-7DAA4E2AA0F3}.Release|Any CPU.Build.0 = Release|Any CPU
	EndGlobalSection
	GlobalSection(SolutionProperties) = preSolution
		HideSolutionNode = FALSE
	EndGlobalSection
	GlobalSection(ExtensibilityGlobals) = postSolution
		SolutionGuid = {B182B8D3-121F-4334-9D8C-6723162C99C9}
	EndGlobalSection
EndGlobal
