
Microsoft Visual Studio Solution File, Format Version 12.00
# Visual Studio Version 17
VisualStudioVersion = 17.4.33213.308
MinimumVisualStudioVersion = 10.0.40219.1
Project("{FAE04EC0-301F-11D3-BF4B-00C04F79EFBC}") = "Dark Youtube App", "Dark Youtube App\Dark Youtube App.csproj", "{BC75ABA0-C91D-4060-BFB8-2E47B32F5550}"
EndProject
Global
	GlobalSection(SolutionConfigurationPlatforms) = preSolution
		Debug|Any CPU = Debug|Any CPU
		Release|Any CPU = Release|Any CPU
	EndGlobalSection
	GlobalSection(ProjectConfigurationPlatforms) = postSolution
		{BC75ABA0-C91D-4060-BFB8-2E47B32F5550}.Debug|Any CPU.ActiveCfg = Debug|Any CPU
		{BC75ABA0-C91D-4060-BFB8-2E47B32F5550}.Debug|Any CPU.Build.0 = Debug|Any CPU
		{BC75ABA0-C91D-4060-BFB8-2E47B32F5550}.Release|Any CPU.ActiveCfg = Release|Any CPU
		{BC75ABA0-C91D-4060-BFB8-2E47B32F5550}.Release|Any CPU.Build.0 = Release|Any CPU
	EndGlobalSection
	GlobalSection(SolutionProperties) = preSolution
		HideSolutionNode = FALSE
	EndGlobalSection
	GlobalSection(ExtensibilityGlobals) = postSolution
		SolutionGuid = {4912AADD-411A-473A-BA99-632F74FDD8DC}
	EndGlobalSection
EndGlobal
