
Microsoft Visual Studio Solution File, Format Version 12.00
# Visual Studio Version 17
VisualStudioVersion = 17.12.35707.178 d17.12
MinimumVisualStudioVersion = 10.0.40219.1
Project("{54A90642-561A-4BB1-A94E-469ADEE60C69}") = "NodeConsoleApp3", "NodeConsoleApp3\NodeConsoleApp3.esproj", "{7B315E33-8840-4792-9BD1-E873EBB7387F}"
EndProject
Global
	GlobalSection(SolutionConfigurationPlatforms) = preSolution
		Debug|Any CPU = Debug|Any CPU
		Release|Any CPU = Release|Any CPU
	EndGlobalSection
	GlobalSection(ProjectConfigurationPlatforms) = postSolution
		{7B315E33-8840-4792-9BD1-E873EBB7387F}.Debug|Any CPU.ActiveCfg = Debug|Any CPU
		{7B315E33-8840-4792-9BD1-E873EBB7387F}.Debug|Any CPU.Build.0 = Debug|Any CPU
		{7B315E33-8840-4792-9BD1-E873EBB7387F}.Debug|Any CPU.Deploy.0 = Debug|Any CPU
		{7B315E33-8840-4792-9BD1-E873EBB7387F}.Release|Any CPU.ActiveCfg = Release|Any CPU
		{7B315E33-8840-4792-9BD1-E873EBB7387F}.Release|Any CPU.Build.0 = Release|Any CPU
		{7B315E33-8840-4792-9BD1-E873EBB7387F}.Release|Any CPU.Deploy.0 = Release|Any CPU
	EndGlobalSection
	GlobalSection(SolutionProperties) = preSolution
		HideSolutionNode = FALSE
	EndGlobalSection
EndGlobal
