
Microsoft Visual Studio Solution File, Format Version 12.00
# Visual Studio Version 17
VisualStudioVersion = 17.10.35013.160
MinimumVisualStudioVersion = 10.0.40219.1
Project("{FAE04EC0-301F-11D3-BF4B-00C04F79EFBC}") = "WpfApp23", "WpfApp23\WpfApp23.csproj", "{6030C7E4-9770-4B1F-B217-102C4D52051D}"
EndProject
Global
	GlobalSection(SolutionConfigurationPlatforms) = preSolution
		Debug|Any CPU = Debug|Any CPU
		Release|Any CPU = Release|Any CPU
	EndGlobalSection
	GlobalSection(ProjectConfigurationPlatforms) = postSolution
		{6030C7E4-9770-4B1F-B217-102C4D52051D}.Debug|Any CPU.ActiveCfg = Debug|Any CPU
		{6030C7E4-9770-4B1F-B217-102C4D52051D}.Debug|Any CPU.Build.0 = Debug|Any CPU
		{6030C7E4-9770-4B1F-B217-102C4D52051D}.Release|Any CPU.ActiveCfg = Release|Any CPU
		{6030C7E4-9770-4B1F-B217-102C4D52051D}.Release|Any CPU.Build.0 = Release|Any CPU
	EndGlobalSection
	GlobalSection(SolutionProperties) = preSolution
		HideSolutionNode = FALSE
	EndGlobalSection
	GlobalSection(ExtensibilityGlobals) = postSolution
		SolutionGuid = {70544753-6357-4141-851A-E87FA4506DB5}
	EndGlobalSection
EndGlobal
