
Microsoft Visual Studio Solution File, Format Version 12.00
# Visual Studio Version 17
VisualStudioVersion = 17.11.35327.3
MinimumVisualStudioVersion = 10.0.40219.1
Project("{FAE04EC0-301F-11D3-BF4B-00C04F79EFBC}") = "WpfApp34", "WpfApp34\WpfApp34.csproj", "{085D063E-CA96-4485-A8FF-0FBE592C8A61}"
EndProject
Global
	GlobalSection(SolutionConfigurationPlatforms) = preSolution
		Debug|Any CPU = Debug|Any CPU
		Release|Any CPU = Release|Any CPU
	EndGlobalSection
	GlobalSection(ProjectConfigurationPlatforms) = postSolution
		{085D063E-CA96-4485-A8FF-0FBE592C8A61}.Debug|Any CPU.ActiveCfg = Debug|Any CPU
		{085D063E-CA96-4485-A8FF-0FBE592C8A61}.Debug|Any CPU.Build.0 = Debug|Any CPU
		{085D063E-CA96-4485-A8FF-0FBE592C8A61}.Release|Any CPU.ActiveCfg = Release|Any CPU
		{085D063E-CA96-4485-A8FF-0FBE592C8A61}.Release|Any CPU.Build.0 = Release|Any CPU
	EndGlobalSection
	GlobalSection(SolutionProperties) = preSolution
		HideSolutionNode = FALSE
	EndGlobalSection
	GlobalSection(ExtensibilityGlobals) = postSolution
		SolutionGuid = {363A11E8-7508-4CCE-A6DE-72D6029A796B}
	EndGlobalSection
EndGlobal
