
Microsoft Visual Studio Solution File, Format Version 12.00
# Visual Studio Version 17
VisualStudioVersion = 17.8.34309.116
MinimumVisualStudioVersion = 10.0.40219.1
Project("{FAE04EC0-301F-11D3-BF4B-00C04F79EFBC}") = "ConsoleApp47", "ConsoleApp47\ConsoleApp47.csproj", "{656F3851-841C-47A3-849E-B41C6D7BE9A4}"
EndProject
Global
	GlobalSection(SolutionConfigurationPlatforms) = preSolution
		Debug|Any CPU = Debug|Any CPU
		Release|Any CPU = Release|Any CPU
	EndGlobalSection
	GlobalSection(ProjectConfigurationPlatforms) = postSolution
		{656F3851-841C-47A3-849E-B41C6D7BE9A4}.Debug|Any CPU.ActiveCfg = Debug|Any CPU
		{656F3851-841C-47A3-849E-B41C6D7BE9A4}.Debug|Any CPU.Build.0 = Debug|Any CPU
		{656F3851-841C-47A3-849E-B41C6D7BE9A4}.Release|Any CPU.ActiveCfg = Release|Any CPU
		{656F3851-841C-47A3-849E-B41C6D7BE9A4}.Release|Any CPU.Build.0 = Release|Any CPU
	EndGlobalSection
	GlobalSection(SolutionProperties) = preSolution
		HideSolutionNode = FALSE
	EndGlobalSection
	GlobalSection(ExtensibilityGlobals) = postSolution
		SolutionGuid = {3E19EDE0-8AB3-4BFC-AD72-55B4AD918512}
	EndGlobalSection
EndGlobal
