
Microsoft Visual Studio Solution File, Format Version 12.00
# Visual Studio Version 17
VisualStudioVersion = 17.11.35312.102
MinimumVisualStudioVersion = 10.0.40219.1
Project("{FAE04EC0-301F-11D3-BF4B-00C04F79EFBC}") = "ConsoleApp125", "ConsoleApp125\ConsoleApp125.csproj", "{BFB15F6A-3D42-494A-AAFA-FA0B6AA956FE}"
EndProject
Global
	GlobalSection(SolutionConfigurationPlatforms) = preSolution
		Debug|Any CPU = Debug|Any CPU
		Release|Any CPU = Release|Any CPU
	EndGlobalSection
	GlobalSection(ProjectConfigurationPlatforms) = postSolution
		{BFB15F6A-3D42-494A-AAFA-FA0B6AA956FE}.Debug|Any CPU.ActiveCfg = Debug|Any CPU
		{BFB15F6A-3D42-494A-AAFA-FA0B6AA956FE}.Debug|Any CPU.Build.0 = Debug|Any CPU
		{BFB15F6A-3D42-494A-AAFA-FA0B6AA956FE}.Release|Any CPU.ActiveCfg = Release|Any CPU
		{BFB15F6A-3D42-494A-AAFA-FA0B6AA956FE}.Release|Any CPU.Build.0 = Release|Any CPU
	EndGlobalSection
	GlobalSection(SolutionProperties) = preSolution
		HideSolutionNode = FALSE
	EndGlobalSection
	GlobalSection(ExtensibilityGlobals) = postSolution
		SolutionGuid = {061DEACE-ABC7-4472-8101-B529A20A88BC}
	EndGlobalSection
EndGlobal
