
Microsoft Visual Studio Solution File, Format Version 12.00
# Visual Studio Version 17
VisualStudioVersion = 17.4.33110.190
MinimumVisualStudioVersion = 10.0.40219.1
Project("{FAE04EC0-301F-11D3-BF4B-00C04F79EFBC}") = "gezicht", "gezicht\gezicht.csproj", "{C806332A-C4F1-4560-8957-BA6B940D4801}"
EndProject
Global
	GlobalSection(SolutionConfigurationPlatforms) = preSolution
		Debug|Any CPU = Debug|Any CPU
		Release|Any CPU = Release|Any CPU
	EndGlobalSection
	GlobalSection(ProjectConfigurationPlatforms) = postSolution
		{C806332A-C4F1-4560-8957-BA6B940D4801}.Debug|Any CPU.ActiveCfg = Debug|Any CPU
		{C806332A-C4F1-4560-8957-BA6B940D4801}.Debug|Any CPU.Build.0 = Debug|Any CPU
		{C806332A-C4F1-4560-8957-BA6B940D4801}.Release|Any CPU.ActiveCfg = Release|Any CPU
		{C806332A-C4F1-4560-8957-BA6B940D4801}.Release|Any CPU.Build.0 = Release|Any CPU
	EndGlobalSection
	GlobalSection(SolutionProperties) = preSolution
		HideSolutionNode = FALSE
	EndGlobalSection
	GlobalSection(ExtensibilityGlobals) = postSolution
		SolutionGuid = {950D4B8E-E6DE-4047-ADC8-CC84453A7284}
	EndGlobalSection
EndGlobal
