
Microsoft Visual Studio Solution File, Format Version 12.00
# Visual Studio Version 17
VisualStudioVersion = 17.1.32421.90
MinimumVisualStudioVersion = 10.0.40219.1
Project("{FAE04EC0-301F-11D3-BF4B-00C04F79EFBC}") = "Return", "Return\Return.csproj", "{276C7443-4D3C-496D-A3D0-CD4D3257BDD4}"
EndProject
Global
	GlobalSection(SolutionConfigurationPlatforms) = preSolution
		Debug|Any CPU = Debug|Any CPU
		Release|Any CPU = Release|Any CPU
	EndGlobalSection
	GlobalSection(ProjectConfigurationPlatforms) = postSolution
		{276C7443-4D3C-496D-A3D0-CD4D3257BDD4}.Debug|Any CPU.ActiveCfg = Debug|Any CPU
		{276C7443-4D3C-496D-A3D0-CD4D3257BDD4}.Debug|Any CPU.Build.0 = Debug|Any CPU
		{276C7443-4D3C-496D-A3D0-CD4D3257BDD4}.Release|Any CPU.ActiveCfg = Release|Any CPU
		{276C7443-4D3C-496D-A3D0-CD4D3257BDD4}.Release|Any CPU.Build.0 = Release|Any CPU
	EndGlobalSection
	GlobalSection(SolutionProperties) = preSolution
		HideSolutionNode = FALSE
	EndGlobalSection
	GlobalSection(ExtensibilityGlobals) = postSolution
		SolutionGuid = {2BE3C362-724A-49D7-8027-7FA5909D4164}
	EndGlobalSection
EndGlobal
