
Microsoft Visual Studio Solution File, Format Version 12.00
# Visual Studio Version 17
VisualStudioVersion = 17.4.33103.184
MinimumVisualStudioVersion = 10.0.40219.1
Project("{8BC9CEB8-8B4A-11D0-8D11-00A0C91BC942}") = "VectorsSTL.cpp", "VectorsSTL.cpp\VectorsSTL.cpp.vcxproj", "{6E92330B-F9D7-4919-91DC-7E425D5EC58D}"
EndProject
Global
	GlobalSection(SolutionConfigurationPlatforms) = preSolution
		Debug|x64 = Debug|x64
		Debug|x86 = Debug|x86
		Release|x64 = Release|x64
		Release|x86 = Release|x86
	EndGlobalSection
	GlobalSection(ProjectConfigurationPlatforms) = postSolution
		{6E92330B-F9D7-4919-91DC-7E425D5EC58D}.Debug|x64.ActiveCfg = Debug|x64
		{6E92330B-F9D7-4919-91DC-7E425D5EC58D}.Debug|x64.Build.0 = Debug|x64
		{6E92330B-F9D7-4919-91DC-7E425D5EC58D}.Debug|x86.ActiveCfg = Debug|Win32
		{6E92330B-F9D7-4919-91DC-7E425D5EC58D}.Debug|x86.Build.0 = Debug|Win32
		{6E92330B-F9D7-4919-91DC-7E425D5EC58D}.Release|x64.ActiveCfg = Release|x64
		{6E92330B-F9D7-4919-91DC-7E425D5EC58D}.Release|x64.Build.0 = Release|x64
		{6E92330B-F9D7-4919-91DC-7E425D5EC58D}.Release|x86.ActiveCfg = Release|Win32
		{6E92330B-F9D7-4919-91DC-7E425D5EC58D}.Release|x86.Build.0 = Release|Win32
	EndGlobalSection
	GlobalSection(SolutionProperties) = preSolution
		HideSolutionNode = FALSE
	EndGlobalSection
	GlobalSection(ExtensibilityGlobals) = postSolution
		SolutionGuid = {CACF5E1B-12CA-48E3-AC9B-BC9F0F7346B9}
	EndGlobalSection
EndGlobal
