
Microsoft Visual Studio Solution File, Format Version 12.00
# Visual Studio Version 17
VisualStudioVersion = 17.2.32526.322
MinimumVisualStudioVersion = 10.0.40219.1
Project("{FAE04EC0-301F-11D3-BF4B-00C04F79EFBC}") = "WindowsFormsApp3", "WindowsFormsApp3\WindowsFormsApp3.csproj", "{CF004080-19B4-425D-802E-C354F7C6A4EE}"
EndProject
Global
	GlobalSection(SolutionConfigurationPlatforms) = preSolution
		Debug|Any CPU = Debug|Any CPU
		Release|Any CPU = Release|Any CPU
	EndGlobalSection
	GlobalSection(ProjectConfigurationPlatforms) = postSolution
		{CF004080-19B4-425D-802E-C354F7C6A4EE}.Debug|Any CPU.ActiveCfg = Debug|Any CPU
		{CF004080-19B4-425D-802E-C354F7C6A4EE}.Debug|Any CPU.Build.0 = Debug|Any CPU
		{CF004080-19B4-425D-802E-C354F7C6A4EE}.Release|Any CPU.ActiveCfg = Release|Any CPU
		{CF004080-19B4-425D-802E-C354F7C6A4EE}.Release|Any CPU.Build.0 = Release|Any CPU
	EndGlobalSection
	GlobalSection(SolutionProperties) = preSolution
		HideSolutionNode = FALSE
	EndGlobalSection
	GlobalSection(ExtensibilityGlobals) = postSolution
		SolutionGuid = {D38FDB19-BDFB-4D34-8BBD-BF83AE9A9BD5}
	EndGlobalSection
EndGlobal
