
Microsoft Visual Studio Solution File, Format Version 12.00
# Visual Studio Version 17
VisualStudioVersion = 17.10.35013.160
MinimumVisualStudioVersion = 10.0.40219.1
Project("{FAE04EC0-301F-11D3-BF4B-00C04F79EFBC}") = "ConsoleApp73", "ConsoleApp73\ConsoleApp73.csproj", "{2FECA3E2-9F55-4FB1-8401-3499C3B93C1C}"
EndProject
Global
	GlobalSection(SolutionConfigurationPlatforms) = preSolution
		Debug|Any CPU = Debug|Any CPU
		Release|Any CPU = Release|Any CPU
	EndGlobalSection
	GlobalSection(ProjectConfigurationPlatforms) = postSolution
		{2FECA3E2-9F55-4FB1-8401-3499C3B93C1C}.Debug|Any CPU.ActiveCfg = Debug|Any CPU
		{2FECA3E2-9F55-4FB1-8401-3499C3B93C1C}.Debug|Any CPU.Build.0 = Debug|Any CPU
		{2FECA3E2-9F55-4FB1-8401-3499C3B93C1C}.Release|Any CPU.ActiveCfg = Release|Any CPU
		{2FECA3E2-9F55-4FB1-8401-3499C3B93C1C}.Release|Any CPU.Build.0 = Release|Any CPU
	EndGlobalSection
	GlobalSection(SolutionProperties) = preSolution
		HideSolutionNode = FALSE
	EndGlobalSection
	GlobalSection(ExtensibilityGlobals) = postSolution
		SolutionGuid = {662286AE-3D2F-487E-8D66-98C5AEC2696D}
	EndGlobalSection
EndGlobal
