
Microsoft Visual Studio Solution File, Format Version 12.00
# Visual Studio Version 17
VisualStudioVersion = 17.11.35327.3
MinimumVisualStudioVersion = 10.0.40219.1
Project("{FAE04EC0-301F-11D3-BF4B-00C04F79EFBC}") = "ConsoleApp139", "ConsoleApp139\ConsoleApp139.csproj", "{BD777AB9-C6DC-4631-8C4E-0655740F6940}"
EndProject
Global
	GlobalSection(SolutionConfigurationPlatforms) = preSolution
		Debug|Any CPU = Debug|Any CPU
		Release|Any CPU = Release|Any CPU
	EndGlobalSection
	GlobalSection(ProjectConfigurationPlatforms) = postSolution
		{BD777AB9-C6DC-4631-8C4E-0655740F6940}.Debug|Any CPU.ActiveCfg = Debug|Any CPU
		{BD777AB9-C6DC-4631-8C4E-0655740F6940}.Debug|Any CPU.Build.0 = Debug|Any CPU
		{BD777AB9-C6DC-4631-8C4E-0655740F6940}.Release|Any CPU.ActiveCfg = Release|Any CPU
		{BD777AB9-C6DC-4631-8C4E-0655740F6940}.Release|Any CPU.Build.0 = Release|Any CPU
	EndGlobalSection
	GlobalSection(SolutionProperties) = preSolution
		HideSolutionNode = FALSE
	EndGlobalSection
	GlobalSection(ExtensibilityGlobals) = postSolution
		SolutionGuid = {C1FFA09D-BDC7-4636-BEC4-FBDECA33E009}
	EndGlobalSection
EndGlobal
