
Microsoft Visual Studio Solution File, Format Version 12.00
# Visual Studio Version 17
VisualStudioVersion = 17.4.33205.214
MinimumVisualStudioVersion = 10.0.40219.1
Project("{FAE04EC0-301F-11D3-BF4B-00C04F79EFBC}") = "GradientApp", "GradientApp\GradientApp.csproj", "{5F83B118-BB84-402D-A338-CBBC7EB7D9F5}"
EndProject
Global
	GlobalSection(SolutionConfigurationPlatforms) = preSolution
		Debug|Any CPU = Debug|Any CPU
		Release|Any CPU = Release|Any CPU
	EndGlobalSection
	GlobalSection(ProjectConfigurationPlatforms) = postSolution
		{5F83B118-BB84-402D-A338-CBBC7EB7D9F5}.Debug|Any CPU.ActiveCfg = Debug|Any CPU
		{5F83B118-BB84-402D-A338-CBBC7EB7D9F5}.Debug|Any CPU.Build.0 = Debug|Any CPU
		{5F83B118-BB84-402D-A338-CBBC7EB7D9F5}.Release|Any CPU.ActiveCfg = Release|Any CPU
		{5F83B118-BB84-402D-A338-CBBC7EB7D9F5}.Release|Any CPU.Build.0 = Release|Any CPU
	EndGlobalSection
	GlobalSection(SolutionProperties) = preSolution
		HideSolutionNode = FALSE
	EndGlobalSection
	GlobalSection(ExtensibilityGlobals) = postSolution
		SolutionGuid = {3BF68F23-C408-4EB2-B702-E9806B32851A}
	EndGlobalSection
EndGlobal
