
Microsoft Visual Studio Solution File, Format Version 12.00
# Visual Studio Version 17
VisualStudioVersion = 17.10.35013.160
MinimumVisualStudioVersion = 10.0.40219.1
Project("{FAE04EC0-301F-11D3-BF4B-00C04F79EFBC}") = "WpfApp13", "WpfApp13\WpfApp13.csproj", "{5414E5F9-DEB4-4F91-B1EE-02AC98EDABFE}"
EndProject
Global
	GlobalSection(SolutionConfigurationPlatforms) = preSolution
		Debug|Any CPU = Debug|Any CPU
		Release|Any CPU = Release|Any CPU
	EndGlobalSection
	GlobalSection(ProjectConfigurationPlatforms) = postSolution
		{5414E5F9-DEB4-4F91-B1EE-02AC98EDABFE}.Debug|Any CPU.ActiveCfg = Debug|Any CPU
		{5414E5F9-DEB4-4F91-B1EE-02AC98EDABFE}.Debug|Any CPU.Build.0 = Debug|Any CPU
		{5414E5F9-DEB4-4F91-B1EE-02AC98EDABFE}.Release|Any CPU.ActiveCfg = Release|Any CPU
		{5414E5F9-DEB4-4F91-B1EE-02AC98EDABFE}.Release|Any CPU.Build.0 = Release|Any CPU
	EndGlobalSection
	GlobalSection(SolutionProperties) = preSolution
		HideSolutionNode = FALSE
	EndGlobalSection
	GlobalSection(ExtensibilityGlobals) = postSolution
		SolutionGuid = {5511B1F8-25B8-4C72-83A4-6B5C4BD2EF1D}
	EndGlobalSection
EndGlobal
