
Microsoft Visual Studio Solution File, Format Version 12.00
# Visual Studio Version 17
VisualStudioVersion = 17.10.35013.160
MinimumVisualStudioVersion = 10.0.40219.1
Project("{FAE04EC0-301F-11D3-BF4B-00C04F79EFBC}") = "WpfApp21", "WpfApp21\WpfApp21.csproj", "{BFEE57B8-7BE5-4CF7-87D6-8B13159FEC11}"
EndProject
Global
	GlobalSection(SolutionConfigurationPlatforms) = preSolution
		Debug|Any CPU = Debug|Any CPU
		Release|Any CPU = Release|Any CPU
	EndGlobalSection
	GlobalSection(ProjectConfigurationPlatforms) = postSolution
		{BFEE57B8-7BE5-4CF7-87D6-8B13159FEC11}.Debug|Any CPU.ActiveCfg = Debug|Any CPU
		{BFEE57B8-7BE5-4CF7-87D6-8B13159FEC11}.Debug|Any CPU.Build.0 = Debug|Any CPU
		{BFEE57B8-7BE5-4CF7-87D6-8B13159FEC11}.Release|Any CPU.ActiveCfg = Release|Any CPU
		{BFEE57B8-7BE5-4CF7-87D6-8B13159FEC11}.Release|Any CPU.Build.0 = Release|Any CPU
	EndGlobalSection
	GlobalSection(SolutionProperties) = preSolution
		HideSolutionNode = FALSE
	EndGlobalSection
	GlobalSection(ExtensibilityGlobals) = postSolution
		SolutionGuid = {BF6F0DA3-F5A8-4D52-B63F-15EE9FF8B24A}
	EndGlobalSection
EndGlobal
