
Microsoft Visual Studio Solution File, Format Version 12.00
# Visual Studio Version 17
VisualStudioVersion = 17.11.35327.3
MinimumVisualStudioVersion = 10.0.40219.1
Project("{54A90642-561A-4BB1-A94E-469ADEE60C69}") = "NodeConsoleApp2", "NodeConsoleApp2\NodeConsoleApp2.esproj", "{93F2AA7A-682D-437E-B651-E36C3C6E2EB1}"
EndProject
Global
	GlobalSection(SolutionConfigurationPlatforms) = preSolution
		Debug|Any CPU = Debug|Any CPU
		Release|Any CPU = Release|Any CPU
	EndGlobalSection
	GlobalSection(ProjectConfigurationPlatforms) = postSolution
		{93F2AA7A-682D-437E-B651-E36C3C6E2EB1}.Debug|Any CPU.ActiveCfg = Debug|Any CPU
		{93F2AA7A-682D-437E-B651-E36C3C6E2EB1}.Debug|Any CPU.Build.0 = Debug|Any CPU
		{93F2AA7A-682D-437E-B651-E36C3C6E2EB1}.Debug|Any CPU.Deploy.0 = Debug|Any CPU
		{93F2AA7A-682D-437E-B651-E36C3C6E2EB1}.Release|Any CPU.ActiveCfg = Release|Any CPU
		{93F2AA7A-682D-437E-B651-E36C3C6E2EB1}.Release|Any CPU.Build.0 = Release|Any CPU
		{93F2AA7A-682D-437E-B651-E36C3C6E2EB1}.Release|Any CPU.Deploy.0 = Release|Any CPU
	EndGlobalSection
	GlobalSection(SolutionProperties) = preSolution
		HideSolutionNode = FALSE
	EndGlobalSection
	GlobalSection(ExtensibilityGlobals) = postSolution
		SolutionGuid = {758AEC4B-90DA-41CA-B5F5-CC45840098F7}
	EndGlobalSection
EndGlobal
