
Microsoft Visual Studio Solution File, Format Version 12.00
# Visual Studio Version 17
VisualStudioVersion = 17.9.34728.123
MinimumVisualStudioVersion = 10.0.40219.1
Project("{FAE04EC0-301F-11D3-BF4B-00C04F79EFBC}") = "ConsoleApp51", "ConsoleApp51\ConsoleApp51.csproj", "{D3B028A2-5B70-4D16-93FF-2C36967BC54F}"
EndProject
Global
	GlobalSection(SolutionConfigurationPlatforms) = preSolution
		Debug|Any CPU = Debug|Any CPU
		Release|Any CPU = Release|Any CPU
	EndGlobalSection
	GlobalSection(ProjectConfigurationPlatforms) = postSolution
		{D3B028A2-5B70-4D16-93FF-2C36967BC54F}.Debug|Any CPU.ActiveCfg = Debug|Any CPU
		{D3B028A2-5B70-4D16-93FF-2C36967BC54F}.Debug|Any CPU.Build.0 = Debug|Any CPU
		{D3B028A2-5B70-4D16-93FF-2C36967BC54F}.Release|Any CPU.ActiveCfg = Release|Any CPU
		{D3B028A2-5B70-4D16-93FF-2C36967BC54F}.Release|Any CPU.Build.0 = Release|Any CPU
	EndGlobalSection
	GlobalSection(SolutionProperties) = preSolution
		HideSolutionNode = FALSE
	EndGlobalSection
	GlobalSection(ExtensibilityGlobals) = postSolution
		SolutionGuid = {12D91D3E-1E52-4217-8FF9-A3BE33F6AF37}
	EndGlobalSection
EndGlobal
