
Microsoft Visual Studio Solution File, Format Version 12.00
# Visual Studio Version 17
VisualStudioVersion = 17.5.33530.505
MinimumVisualStudioVersion = 10.0.40219.1
Project("{FAE04EC0-301F-11D3-BF4B-00C04F79EFBC}") = "ConsoleApp36", "ConsoleApp36.csproj", "{DD394E30-1E34-43B0-B7B5-E3BD98A9E102}"
EndProject
Global
	GlobalSection(SolutionConfigurationPlatforms) = preSolution
		Debug|Any CPU = Debug|Any CPU
		Release|Any CPU = Release|Any CPU
	EndGlobalSection
	GlobalSection(ProjectConfigurationPlatforms) = postSolution
		{DD394E30-1E34-43B0-B7B5-E3BD98A9E102}.Debug|Any CPU.ActiveCfg = Debug|Any CPU
		{DD394E30-1E34-43B0-B7B5-E3BD98A9E102}.Debug|Any CPU.Build.0 = Debug|Any CPU
		{DD394E30-1E34-43B0-B7B5-E3BD98A9E102}.Release|Any CPU.ActiveCfg = Release|Any CPU
		{DD394E30-1E34-43B0-B7B5-E3BD98A9E102}.Release|Any CPU.Build.0 = Release|Any CPU
	EndGlobalSection
	GlobalSection(SolutionProperties) = preSolution
		HideSolutionNode = FALSE
	EndGlobalSection
	GlobalSection(ExtensibilityGlobals) = postSolution
		SolutionGuid = {4A2CDBAE-6D44-400A-8FE7-254CF09A5C41}
	EndGlobalSection
EndGlobal
