
Microsoft Visual Studio Solution File, Format Version 12.00
# Visual Studio Version 17
VisualStudioVersion = 17.9.34728.123
MinimumVisualStudioVersion = 10.0.40219.1
Project("{FAE04EC0-301F-11D3-BF4B-00C04F79EFBC}") = "ConsoleApp58", "ConsoleApp58\ConsoleApp58.csproj", "{0F70B3F4-5CD2-4CC3-BA58-E86FE0CC05D8}"
EndProject
Global
	GlobalSection(SolutionConfigurationPlatforms) = preSolution
		Debug|Any CPU = Debug|Any CPU
		Release|Any CPU = Release|Any CPU
	EndGlobalSection
	GlobalSection(ProjectConfigurationPlatforms) = postSolution
		{0F70B3F4-5CD2-4CC3-BA58-E86FE0CC05D8}.Debug|Any CPU.ActiveCfg = Debug|Any CPU
		{0F70B3F4-5CD2-4CC3-BA58-E86FE0CC05D8}.Debug|Any CPU.Build.0 = Debug|Any CPU
		{0F70B3F4-5CD2-4CC3-BA58-E86FE0CC05D8}.Release|Any CPU.ActiveCfg = Release|Any CPU
		{0F70B3F4-5CD2-4CC3-BA58-E86FE0CC05D8}.Release|Any CPU.Build.0 = Release|Any CPU
	EndGlobalSection
	GlobalSection(SolutionProperties) = preSolution
		HideSolutionNode = FALSE
	EndGlobalSection
	GlobalSection(ExtensibilityGlobals) = postSolution
		SolutionGuid = {3EB63589-5E5C-4134-B0CB-183B0407095F}
	EndGlobalSection
EndGlobal
