
Microsoft Visual Studio Solution File, Format Version 12.00
# Visual Studio Version 17
VisualStudioVersion = 17.4.33213.308
MinimumVisualStudioVersion = 10.0.40219.1
Project("{FAE04EC0-301F-11D3-BF4B-00C04F79EFBC}") = "Classic Snakes Game Tutorial - MOO ICT", "Classic Snakes Game Tutorial - MOO ICT\Classic Snakes Game Tutorial - MOO ICT.csproj", "{A4D9585A-747E-42A6-BC7B-93716C49FCB0}"
EndProject
Global
	GlobalSection(SolutionConfigurationPlatforms) = preSolution
		Debug|Any CPU = Debug|Any CPU
		Release|Any CPU = Release|Any CPU
	EndGlobalSection
	GlobalSection(ProjectConfigurationPlatforms) = postSolution
		{A4D9585A-747E-42A6-BC7B-93716C49FCB0}.Debug|Any CPU.ActiveCfg = Debug|Any CPU
		{A4D9585A-747E-42A6-BC7B-93716C49FCB0}.Debug|Any CPU.Build.0 = Debug|Any CPU
		{A4D9585A-747E-42A6-BC7B-93716C49FCB0}.Release|Any CPU.ActiveCfg = Release|Any CPU
		{A4D9585A-747E-42A6-BC7B-93716C49FCB0}.Release|Any CPU.Build.0 = Release|Any CPU
	EndGlobalSection
	GlobalSection(SolutionProperties) = preSolution
		HideSolutionNode = FALSE
	EndGlobalSection
	GlobalSection(ExtensibilityGlobals) = postSolution
		SolutionGuid = {3F102186-A92F-44F1-81EB-99B23B5573FB}
	EndGlobalSection
EndGlobal
