
Microsoft Visual Studio Solution File, Format Version 12.00
# Visual Studio Version 17
VisualStudioVersion = 17.10.35013.160
MinimumVisualStudioVersion = 10.0.40219.1
Project("{FAE04EC0-301F-11D3-BF4B-00C04F79EFBC}") = "ConsoleApp65", "ConsoleApp65\ConsoleApp65.csproj", "{C225B095-A7F0-4F57-82EA-850B09A37CCF}"
EndProject
Global
	GlobalSection(SolutionConfigurationPlatforms) = preSolution
		Debug|Any CPU = Debug|Any CPU
		Release|Any CPU = Release|Any CPU
	EndGlobalSection
	GlobalSection(ProjectConfigurationPlatforms) = postSolution
		{C225B095-A7F0-4F57-82EA-850B09A37CCF}.Debug|Any CPU.ActiveCfg = Debug|Any CPU
		{C225B095-A7F0-4F57-82EA-850B09A37CCF}.Debug|Any CPU.Build.0 = Debug|Any CPU
		{C225B095-A7F0-4F57-82EA-850B09A37CCF}.Release|Any CPU.ActiveCfg = Release|Any CPU
		{C225B095-A7F0-4F57-82EA-850B09A37CCF}.Release|Any CPU.Build.0 = Release|Any CPU
	EndGlobalSection
	GlobalSection(SolutionProperties) = preSolution
		HideSolutionNode = FALSE
	EndGlobalSection
	GlobalSection(ExtensibilityGlobals) = postSolution
		SolutionGuid = {6F3199CB-2C37-46DB-BC91-46C6D66A35E4}
	EndGlobalSection
EndGlobal
