
Microsoft Visual Studio Solution File, Format Version 12.00
# Visual Studio Version 17
VisualStudioVersion = 17.4.33205.214
MinimumVisualStudioVersion = 10.0.40219.1
Project("{FAE04EC0-301F-11D3-BF4B-00C04F79EFBC}") = "email2", "email2\email2.csproj", "{391998AF-5462-4A17-90F7-E427EE30357A}"
EndProject
Global
	GlobalSection(SolutionConfigurationPlatforms) = preSolution
		Debug|Any CPU = Debug|Any CPU
		Release|Any CPU = Release|Any CPU
	EndGlobalSection
	GlobalSection(ProjectConfigurationPlatforms) = postSolution
		{391998AF-5462-4A17-90F7-E427EE30357A}.Debug|Any CPU.ActiveCfg = Debug|Any CPU
		{391998AF-5462-4A17-90F7-E427EE30357A}.Debug|Any CPU.Build.0 = Debug|Any CPU
		{391998AF-5462-4A17-90F7-E427EE30357A}.Release|Any CPU.ActiveCfg = Release|Any CPU
		{391998AF-5462-4A17-90F7-E427EE30357A}.Release|Any CPU.Build.0 = Release|Any CPU
	EndGlobalSection
	GlobalSection(SolutionProperties) = preSolution
		HideSolutionNode = FALSE
	EndGlobalSection
	GlobalSection(ExtensibilityGlobals) = postSolution
		SolutionGuid = {9C055844-D73F-4BC4-A6EE-8E46D52049D2}
	EndGlobalSection
EndGlobal
