
Microsoft Visual Studio Solution File, Format Version 12.00
# Visual Studio Version 17
VisualStudioVersion = 17.10.35013.160
MinimumVisualStudioVersion = 10.0.40219.1
Project("{FAE04EC0-301F-11D3-BF4B-00C04F79EFBC}") = "ConsoleApp70", "ConsoleApp70\ConsoleApp70.csproj", "{E4ED9F92-1471-4EB6-AD62-27986E0AF5A2}"
EndProject
Global
	GlobalSection(SolutionConfigurationPlatforms) = preSolution
		Debug|Any CPU = Debug|Any CPU
		Release|Any CPU = Release|Any CPU
	EndGlobalSection
	GlobalSection(ProjectConfigurationPlatforms) = postSolution
		{E4ED9F92-1471-4EB6-AD62-27986E0AF5A2}.Debug|Any CPU.ActiveCfg = Debug|Any CPU
		{E4ED9F92-1471-4EB6-AD62-27986E0AF5A2}.Debug|Any CPU.Build.0 = Debug|Any CPU
		{E4ED9F92-1471-4EB6-AD62-27986E0AF5A2}.Release|Any CPU.ActiveCfg = Release|Any CPU
		{E4ED9F92-1471-4EB6-AD62-27986E0AF5A2}.Release|Any CPU.Build.0 = Release|Any CPU
	EndGlobalSection
	GlobalSection(SolutionProperties) = preSolution
		HideSolutionNode = FALSE
	EndGlobalSection
	GlobalSection(ExtensibilityGlobals) = postSolution
		SolutionGuid = {715DA6B8-3695-4EB5-9E5C-F3C5BCFAFF20}
	EndGlobalSection
EndGlobal
