
Microsoft Visual Studio Solution File, Format Version 12.00
# Visual Studio Version 17
VisualStudioVersion = 17.4.33205.214
MinimumVisualStudioVersion = 10.0.40219.1
Project("{FAE04EC0-301F-11D3-BF4B-00C04F79EFBC}") = "MailApp2", "MailApp2\MailApp2.csproj", "{A03DECE5-832F-4246-9122-F0391B5CA31A}"
EndProject
Global
	GlobalSection(SolutionConfigurationPlatforms) = preSolution
		Debug|Any CPU = Debug|Any CPU
		Release|Any CPU = Release|Any CPU
	EndGlobalSection
	GlobalSection(ProjectConfigurationPlatforms) = postSolution
		{A03DECE5-832F-4246-9122-F0391B5CA31A}.Debug|Any CPU.ActiveCfg = Debug|Any CPU
		{A03DECE5-832F-4246-9122-F0391B5CA31A}.Debug|Any CPU.Build.0 = Debug|Any CPU
		{A03DECE5-832F-4246-9122-F0391B5CA31A}.Release|Any CPU.ActiveCfg = Release|Any CPU
		{A03DECE5-832F-4246-9122-F0391B5CA31A}.Release|Any CPU.Build.0 = Release|Any CPU
	EndGlobalSection
	GlobalSection(SolutionProperties) = preSolution
		HideSolutionNode = FALSE
	EndGlobalSection
	GlobalSection(ExtensibilityGlobals) = postSolution
		SolutionGuid = {FA0542B3-BAC3-4E93-B4A7-E0D50CBD51B2}
	EndGlobalSection
EndGlobal
