
Microsoft Visual Studio Solution File, Format Version 12.00
# Visual Studio Version 17
VisualStudioVersion = 17.1.32421.90
MinimumVisualStudioVersion = 10.0.40219.1
Project("{FAE04EC0-301F-11D3-BF4B-00C04F79EFBC}") = "poet", "poet\poet.csproj", "{39D61058-35A1-4DFD-9B52-520E5466F243}"
EndProject
Global
	GlobalSection(SolutionConfigurationPlatforms) = preSolution
		Debug|Any CPU = Debug|Any CPU
		Release|Any CPU = Release|Any CPU
	EndGlobalSection
	GlobalSection(ProjectConfigurationPlatforms) = postSolution
		{39D61058-35A1-4DFD-9B52-520E5466F243}.Debug|Any CPU.ActiveCfg = Debug|Any CPU
		{39D61058-35A1-4DFD-9B52-520E5466F243}.Debug|Any CPU.Build.0 = Debug|Any CPU
		{39D61058-35A1-4DFD-9B52-520E5466F243}.Release|Any CPU.ActiveCfg = Release|Any CPU
		{39D61058-35A1-4DFD-9B52-520E5466F243}.Release|Any CPU.Build.0 = Release|Any CPU
	EndGlobalSection
	GlobalSection(SolutionProperties) = preSolution
		HideSolutionNode = FALSE
	EndGlobalSection
	GlobalSection(ExtensibilityGlobals) = postSolution
		SolutionGuid = {D6BF70B6-EAF1-4B3B-8C33-C9C97328B85B}
	EndGlobalSection
EndGlobal
