
Microsoft Visual Studio Solution File, Format Version 12.00
# Visual Studio Version 17
VisualStudioVersion = 17.4.33213.308
MinimumVisualStudioVersion = 10.0.40219.1
Project("{FAE04EC0-301F-11D3-BF4B-00C04F79EFBC}") = "StaticMemoryTester", "StaticMemoryTester\StaticMemoryTester.csproj", "{6EDBD5F7-9A8E-4D8F-8167-F0DA5F7976A1}"
EndProject
Global
	GlobalSection(SolutionConfigurationPlatforms) = preSolution
		Debug|Any CPU = Debug|Any CPU
		Release|Any CPU = Release|Any CPU
	EndGlobalSection
	GlobalSection(ProjectConfigurationPlatforms) = postSolution
		{6EDBD5F7-9A8E-4D8F-8167-F0DA5F7976A1}.Debug|Any CPU.ActiveCfg = Debug|Any CPU
		{6EDBD5F7-9A8E-4D8F-8167-F0DA5F7976A1}.Debug|Any CPU.Build.0 = Debug|Any CPU
		{6EDBD5F7-9A8E-4D8F-8167-F0DA5F7976A1}.Release|Any CPU.ActiveCfg = Release|Any CPU
		{6EDBD5F7-9A8E-4D8F-8167-F0DA5F7976A1}.Release|Any CPU.Build.0 = Release|Any CPU
	EndGlobalSection
	GlobalSection(SolutionProperties) = preSolution
		HideSolutionNode = FALSE
	EndGlobalSection
	GlobalSection(ExtensibilityGlobals) = postSolution
		SolutionGuid = {A503C5CF-242C-44C7-AFB9-7C91D92E0766}
	EndGlobalSection
EndGlobal
