
Microsoft Visual Studio Solution File, Format Version 12.00
# Visual Studio Version 17
VisualStudioVersion = 17.4.33110.190
MinimumVisualStudioVersion = 10.0.40219.1
Project("{FAE04EC0-301F-11D3-BF4B-00C04F79EFBC}") = "BuvesaDemo2", "BuvesaDemo2\BuvesaDemo2.csproj", "{C90A5692-DFDF-4DB0-917F-3B3C8DA411F9}"
EndProject
Global
	GlobalSection(SolutionConfigurationPlatforms) = preSolution
		Debug|Any CPU = Debug|Any CPU
		Release|Any CPU = Release|Any CPU
	EndGlobalSection
	GlobalSection(ProjectConfigurationPlatforms) = postSolution
		{C90A5692-DFDF-4DB0-917F-3B3C8DA411F9}.Debug|Any CPU.ActiveCfg = Debug|Any CPU
		{C90A5692-DFDF-4DB0-917F-3B3C8DA411F9}.Debug|Any CPU.Build.0 = Debug|Any CPU
		{C90A5692-DFDF-4DB0-917F-3B3C8DA411F9}.Release|Any CPU.ActiveCfg = Release|Any CPU
		{C90A5692-DFDF-4DB0-917F-3B3C8DA411F9}.Release|Any CPU.Build.0 = Release|Any CPU
	EndGlobalSection
	GlobalSection(SolutionProperties) = preSolution
		HideSolutionNode = FALSE
	EndGlobalSection
	GlobalSection(ExtensibilityGlobals) = postSolution
		SolutionGuid = {92429357-385B-4831-9D5D-2003C6F8F835}
	EndGlobalSection
EndGlobal
