
Microsoft Visual Studio Solution File, Format Version 12.00
# Visual Studio Version 17
VisualStudioVersion = 17.1.32228.430
MinimumVisualStudioVersion = 10.0.40219.1
Project("{F184B08F-C81C-45F6-A57F-5ABD9991F28F}") = "Slot machine", "Slot machine\Slot machine.vbproj", "{B24E11C0-41A4-4570-AD18-79B8EDE772DD}"
EndProject
Global
	GlobalSection(SolutionConfigurationPlatforms) = preSolution
		Debug|Any CPU = Debug|Any CPU
		Release|Any CPU = Release|Any CPU
	EndGlobalSection
	GlobalSection(ProjectConfigurationPlatforms) = postSolution
		{B24E11C0-41A4-4570-AD18-79B8EDE772DD}.Debug|Any CPU.ActiveCfg = Debug|Any CPU
		{B24E11C0-41A4-4570-AD18-79B8EDE772DD}.Debug|Any CPU.Build.0 = Debug|Any CPU
		{B24E11C0-41A4-4570-AD18-79B8EDE772DD}.Release|Any CPU.ActiveCfg = Release|Any CPU
		{B24E11C0-41A4-4570-AD18-79B8EDE772DD}.Release|Any CPU.Build.0 = Release|Any CPU
	EndGlobalSection
	GlobalSection(SolutionProperties) = preSolution
		HideSolutionNode = FALSE
	EndGlobalSection
	GlobalSection(ExtensibilityGlobals) = postSolution
		SolutionGuid = {B8AC5183-8BD2-4A7B-A660-9CB6D59AA10D}
	EndGlobalSection
EndGlobal
