
Microsoft Visual Studio Solution File, Format Version 12.00
# Visual Studio Version 17
VisualStudioVersion = 17.4.33103.184
MinimumVisualStudioVersion = 10.0.40219.1
Project("{FAE04EC0-301F-11D3-BF4B-00C04F79EFBC}") = "Tic Tac Toe Game MOO ICT", "Tic Tac Toe Game MOO ICT\Tic Tac Toe Game MOO ICT.csproj", "{28D7E402-57B0-4F38-BDB9-339F307E10AD}"
EndProject
Global
	GlobalSection(SolutionConfigurationPlatforms) = preSolution
		Debug|Any CPU = Debug|Any CPU
		Release|Any CPU = Release|Any CPU
	EndGlobalSection
	GlobalSection(ProjectConfigurationPlatforms) = postSolution
		{28D7E402-57B0-4F38-BDB9-339F307E10AD}.Debug|Any CPU.ActiveCfg = Debug|Any CPU
		{28D7E402-57B0-4F38-BDB9-339F307E10AD}.Debug|Any CPU.Build.0 = Debug|Any CPU
		{28D7E402-57B0-4F38-BDB9-339F307E10AD}.Release|Any CPU.ActiveCfg = Release|Any CPU
		{28D7E402-57B0-4F38-BDB9-339F307E10AD}.Release|Any CPU.Build.0 = Release|Any CPU
	EndGlobalSection
	GlobalSection(SolutionProperties) = preSolution
		HideSolutionNode = FALSE
	EndGlobalSection
	GlobalSection(ExtensibilityGlobals) = postSolution
		SolutionGuid = {5B646A6C-F9E1-4687-86E6-560FD5B5A301}
	EndGlobalSection
EndGlobal
