
Microsoft Visual Studio Solution File, Format Version 12.00
# Visual Studio Version 17
VisualStudioVersion = 17.10.35013.160
MinimumVisualStudioVersion = 10.0.40219.1
Project("{FAE04EC0-301F-11D3-BF4B-00C04F79EFBC}") = "WpfApp24", "WpfApp24\WpfApp24.csproj", "{DE86EDB3-34FC-49C5-ADC0-78BC85598B9B}"
EndProject
Global
	GlobalSection(SolutionConfigurationPlatforms) = preSolution
		Debug|Any CPU = Debug|Any CPU
		Release|Any CPU = Release|Any CPU
	EndGlobalSection
	GlobalSection(ProjectConfigurationPlatforms) = postSolution
		{DE86EDB3-34FC-49C5-ADC0-78BC85598B9B}.Debug|Any CPU.ActiveCfg = Debug|Any CPU
		{DE86EDB3-34FC-49C5-ADC0-78BC85598B9B}.Debug|Any CPU.Build.0 = Debug|Any CPU
		{DE86EDB3-34FC-49C5-ADC0-78BC85598B9B}.Release|Any CPU.ActiveCfg = Release|Any CPU
		{DE86EDB3-34FC-49C5-ADC0-78BC85598B9B}.Release|Any CPU.Build.0 = Release|Any CPU
	EndGlobalSection
	GlobalSection(SolutionProperties) = preSolution
		HideSolutionNode = FALSE
	EndGlobalSection
	GlobalSection(ExtensibilityGlobals) = postSolution
		SolutionGuid = {9386B49E-B1FF-42A3-A538-91C985F439E9}
	EndGlobalSection
EndGlobal
