
Microsoft Visual Studio Solution File, Format Version 12.00
# Visual Studio Version 17
VisualStudioVersion = 17.1.32421.90
MinimumVisualStudioVersion = 10.0.40219.1
Project("{FAE04EC0-301F-11D3-BF4B-00C04F79EFBC}") = "int decimal long", "int decimal long\int decimal long.csproj", "{CC3A1F97-D524-4790-8625-28FA1305B901}"
EndProject
Global
	GlobalSection(SolutionConfigurationPlatforms) = preSolution
		Debug|Any CPU = Debug|Any CPU
		Release|Any CPU = Release|Any CPU
	EndGlobalSection
	GlobalSection(ProjectConfigurationPlatforms) = postSolution
		{CC3A1F97-D524-4790-8625-28FA1305B901}.Debug|Any CPU.ActiveCfg = Debug|Any CPU
		{CC3A1F97-D524-4790-8625-28FA1305B901}.Debug|Any CPU.Build.0 = Debug|Any CPU
		{CC3A1F97-D524-4790-8625-28FA1305B901}.Release|Any CPU.ActiveCfg = Release|Any CPU
		{CC3A1F97-D524-4790-8625-28FA1305B901}.Release|Any CPU.Build.0 = Release|Any CPU
	EndGlobalSection
	GlobalSection(SolutionProperties) = preSolution
		HideSolutionNode = FALSE
	EndGlobalSection
	GlobalSection(ExtensibilityGlobals) = postSolution
		SolutionGuid = {6961AAC7-CC51-4489-94E7-3C3399938CCD}
	EndGlobalSection
EndGlobal
