
Microsoft Visual Studio Solution File, Format Version 12.00
# Visual Studio Version 17
VisualStudioVersion = 17.2.32526.322
MinimumVisualStudioVersion = 10.0.40219.1
Project("{FAE04EC0-301F-11D3-BF4B-00C04F79EFBC}") = "Classes__Basics", "Classes__Basics\Classes__Basics.csproj", "{D5F5D21A-CDE5-43E5-B524-F87C25F3DB3F}"
EndProject
Global
	GlobalSection(SolutionConfigurationPlatforms) = preSolution
		Debug|Any CPU = Debug|Any CPU
		Release|Any CPU = Release|Any CPU
	EndGlobalSection
	GlobalSection(ProjectConfigurationPlatforms) = postSolution
		{D5F5D21A-CDE5-43E5-B524-F87C25F3DB3F}.Debug|Any CPU.ActiveCfg = Debug|Any CPU
		{D5F5D21A-CDE5-43E5-B524-F87C25F3DB3F}.Debug|Any CPU.Build.0 = Debug|Any CPU
		{D5F5D21A-CDE5-43E5-B524-F87C25F3DB3F}.Release|Any CPU.ActiveCfg = Release|Any CPU
		{D5F5D21A-CDE5-43E5-B524-F87C25F3DB3F}.Release|Any CPU.Build.0 = Release|Any CPU
	EndGlobalSection
	GlobalSection(SolutionProperties) = preSolution
		HideSolutionNode = FALSE
	EndGlobalSection
	GlobalSection(ExtensibilityGlobals) = postSolution
		SolutionGuid = {7FA4EF57-F4AA-4879-A4C7-4C14F12BF97B}
	EndGlobalSection
EndGlobal
