
Microsoft Visual Studio Solution File, Format Version 12.00
# Visual Studio Version 17
VisualStudioVersion = 17.2.32526.322
MinimumVisualStudioVersion = 10.0.40219.1
Project("{FAE04EC0-301F-11D3-BF4B-00C04F79EFBC}") = "Members", "Members\Members.csproj", "{05262763-C5FC-4D5E-84B8-65650E4835BC}"
EndProject
Global
	GlobalSection(SolutionConfigurationPlatforms) = preSolution
		Debug|Any CPU = Debug|Any CPU
		Release|Any CPU = Release|Any CPU
	EndGlobalSection
	GlobalSection(ProjectConfigurationPlatforms) = postSolution
		{05262763-C5FC-4D5E-84B8-65650E4835BC}.Debug|Any CPU.ActiveCfg = Debug|Any CPU
		{05262763-C5FC-4D5E-84B8-65650E4835BC}.Debug|Any CPU.Build.0 = Debug|Any CPU
		{05262763-C5FC-4D5E-84B8-65650E4835BC}.Release|Any CPU.ActiveCfg = Release|Any CPU
		{05262763-C5FC-4D5E-84B8-65650E4835BC}.Release|Any CPU.Build.0 = Release|Any CPU
	EndGlobalSection
	GlobalSection(SolutionProperties) = preSolution
		HideSolutionNode = FALSE
	EndGlobalSection
	GlobalSection(ExtensibilityGlobals) = postSolution
		SolutionGuid = {A0DA8D55-0CF2-4DC4-AFA4-AEC749F61039}
	EndGlobalSection
EndGlobal
