
Microsoft Visual Studio Solution File, Format Version 12.00
# Visual Studio Version 17
VisualStudioVersion = 17.5.33530.505
MinimumVisualStudioVersion = 10.0.40219.1
Project("{FAE04EC0-301F-11D3-BF4B-00C04F79EFBC}") = "methods2", "methods2.csproj", "{204B832E-830E-4430-99B9-58CF28A4F039}"
EndProject
Global
	GlobalSection(SolutionConfigurationPlatforms) = preSolution
		Debug|Any CPU = Debug|Any CPU
		Release|Any CPU = Release|Any CPU
	EndGlobalSection
	GlobalSection(ProjectConfigurationPlatforms) = postSolution
		{204B832E-830E-4430-99B9-58CF28A4F039}.Debug|Any CPU.ActiveCfg = Debug|Any CPU
		{204B832E-830E-4430-99B9-58CF28A4F039}.Debug|Any CPU.Build.0 = Debug|Any CPU
		{204B832E-830E-4430-99B9-58CF28A4F039}.Release|Any CPU.ActiveCfg = Release|Any CPU
		{204B832E-830E-4430-99B9-58CF28A4F039}.Release|Any CPU.Build.0 = Release|Any CPU
	EndGlobalSection
	GlobalSection(SolutionProperties) = preSolution
		HideSolutionNode = FALSE
	EndGlobalSection
	GlobalSection(ExtensibilityGlobals) = postSolution
		SolutionGuid = {75C332A3-7D21-40B4-BFF4-54B01DED592D}
	EndGlobalSection
EndGlobal
