
Microsoft Visual Studio Solution File, Format Version 12.00
# Visual Studio Version 17
VisualStudioVersion = 17.11.35327.3
MinimumVisualStudioVersion = 10.0.40219.1
Project("{FAE04EC0-301F-11D3-BF4B-00C04F79EFBC}") = "generics tim correy", "generics tim correy\generics tim correy.csproj", "{C1775577-2A3F-448E-B1F3-DFFBAD6C664D}"
EndProject
Global
	GlobalSection(SolutionConfigurationPlatforms) = preSolution
		Debug|Any CPU = Debug|Any CPU
		Release|Any CPU = Release|Any CPU
	EndGlobalSection
	GlobalSection(ProjectConfigurationPlatforms) = postSolution
		{C1775577-2A3F-448E-B1F3-DFFBAD6C664D}.Debug|Any CPU.ActiveCfg = Debug|Any CPU
		{C1775577-2A3F-448E-B1F3-DFFBAD6C664D}.Debug|Any CPU.Build.0 = Debug|Any CPU
		{C1775577-2A3F-448E-B1F3-DFFBAD6C664D}.Release|Any CPU.ActiveCfg = Release|Any CPU
		{C1775577-2A3F-448E-B1F3-DFFBAD6C664D}.Release|Any CPU.Build.0 = Release|Any CPU
	EndGlobalSection
	GlobalSection(SolutionProperties) = preSolution
		HideSolutionNode = FALSE
	EndGlobalSection
	GlobalSection(ExtensibilityGlobals) = postSolution
		SolutionGuid = {21C95D95-C59E-4419-838F-FDE9006B5CD3}
	EndGlobalSection
EndGlobal
