
Microsoft Visual Studio Solution File, Format Version 12.00
# Visual Studio Version 17
VisualStudioVersion = 17.4.33205.214
MinimumVisualStudioVersion = 10.0.40219.1
Project("{FAE04EC0-301F-11D3-BF4B-00C04F79EFBC}") = "TextboxValidation", "TextboxValidation\TextboxValidation.csproj", "{8DB04353-6AAE-4902-85F2-41226EC0BC6B}"
EndProject
Global
	GlobalSection(SolutionConfigurationPlatforms) = preSolution
		Debug|Any CPU = Debug|Any CPU
		Release|Any CPU = Release|Any CPU
	EndGlobalSection
	GlobalSection(ProjectConfigurationPlatforms) = postSolution
		{8DB04353-6AAE-4902-85F2-41226EC0BC6B}.Debug|Any CPU.ActiveCfg = Debug|Any CPU
		{8DB04353-6AAE-4902-85F2-41226EC0BC6B}.Debug|Any CPU.Build.0 = Debug|Any CPU
		{8DB04353-6AAE-4902-85F2-41226EC0BC6B}.Release|Any CPU.ActiveCfg = Release|Any CPU
		{8DB04353-6AAE-4902-85F2-41226EC0BC6B}.Release|Any CPU.Build.0 = Release|Any CPU
	EndGlobalSection
	GlobalSection(SolutionProperties) = preSolution
		HideSolutionNode = FALSE
	EndGlobalSection
	GlobalSection(ExtensibilityGlobals) = postSolution
		SolutionGuid = {09083958-25E0-4EFB-993E-DE47D2796044}
	EndGlobalSection
EndGlobal
