
Microsoft Visual Studio Solution File, Format Version 12.00
# Visual Studio Version 17
VisualStudioVersion = 17.4.33205.214
MinimumVisualStudioVersion = 10.0.40219.1
Project("{FAE04EC0-301F-11D3-BF4B-00C04F79EFBC}") = "kleurverloop3", "kleurverloop3\kleurverloop3.csproj", "{D142CBF4-6A5D-4A08-9687-D2E54BD63287}"
EndProject
Global
	GlobalSection(SolutionConfigurationPlatforms) = preSolution
		Debug|Any CPU = Debug|Any CPU
		Release|Any CPU = Release|Any CPU
	EndGlobalSection
	GlobalSection(ProjectConfigurationPlatforms) = postSolution
		{D142CBF4-6A5D-4A08-9687-D2E54BD63287}.Debug|Any CPU.ActiveCfg = Debug|Any CPU
		{D142CBF4-6A5D-4A08-9687-D2E54BD63287}.Debug|Any CPU.Build.0 = Debug|Any CPU
		{D142CBF4-6A5D-4A08-9687-D2E54BD63287}.Release|Any CPU.ActiveCfg = Release|Any CPU
		{D142CBF4-6A5D-4A08-9687-D2E54BD63287}.Release|Any CPU.Build.0 = Release|Any CPU
	EndGlobalSection
	GlobalSection(SolutionProperties) = preSolution
		HideSolutionNode = FALSE
	EndGlobalSection
	GlobalSection(ExtensibilityGlobals) = postSolution
		SolutionGuid = {7F3B23B7-8E60-4851-813B-2E0891EBEF27}
	EndGlobalSection
EndGlobal
