
Microsoft Visual Studio Solution File, Format Version 12.00
# Visual Studio Version 17
VisualStudioVersion = 17.11.35327.3
MinimumVisualStudioVersion = 10.0.40219.1
Project("{FAE04EC0-301F-11D3-BF4B-00C04F79EFBC}") = "WpfApp35", "WpfApp35\WpfApp35.csproj", "{7D7FD75C-86A6-465B-B1B3-E1BF6E15D906}"
EndProject
Global
	GlobalSection(SolutionConfigurationPlatforms) = preSolution
		Debug|Any CPU = Debug|Any CPU
		Release|Any CPU = Release|Any CPU
	EndGlobalSection
	GlobalSection(ProjectConfigurationPlatforms) = postSolution
		{7D7FD75C-86A6-465B-B1B3-E1BF6E15D906}.Debug|Any CPU.ActiveCfg = Debug|Any CPU
		{7D7FD75C-86A6-465B-B1B3-E1BF6E15D906}.Debug|Any CPU.Build.0 = Debug|Any CPU
		{7D7FD75C-86A6-465B-B1B3-E1BF6E15D906}.Release|Any CPU.ActiveCfg = Release|Any CPU
		{7D7FD75C-86A6-465B-B1B3-E1BF6E15D906}.Release|Any CPU.Build.0 = Release|Any CPU
	EndGlobalSection
	GlobalSection(SolutionProperties) = preSolution
		HideSolutionNode = FALSE
	EndGlobalSection
	GlobalSection(ExtensibilityGlobals) = postSolution
		SolutionGuid = {06FB8815-B7BC-412B-90F7-9659A1D2A564}
	EndGlobalSection
EndGlobal
