
Microsoft Visual Studio Solution File, Format Version 12.00
# Visual Studio Version 17
VisualStudioVersion = 17.4.33205.214
MinimumVisualStudioVersion = 10.0.40219.1
Project("{FAE04EC0-301F-11D3-BF4B-00C04F79EFBC}") = "papercut emal", "papercut emal\papercut emal.csproj", "{BB21EF95-AA18-4134-A156-42F7492E2D3A}"
EndProject
Global
	GlobalSection(SolutionConfigurationPlatforms) = preSolution
		Debug|Any CPU = Debug|Any CPU
		Release|Any CPU = Release|Any CPU
	EndGlobalSection
	GlobalSection(ProjectConfigurationPlatforms) = postSolution
		{BB21EF95-AA18-4134-A156-42F7492E2D3A}.Debug|Any CPU.ActiveCfg = Debug|Any CPU
		{BB21EF95-AA18-4134-A156-42F7492E2D3A}.Debug|Any CPU.Build.0 = Debug|Any CPU
		{BB21EF95-AA18-4134-A156-42F7492E2D3A}.Release|Any CPU.ActiveCfg = Release|Any CPU
		{BB21EF95-AA18-4134-A156-42F7492E2D3A}.Release|Any CPU.Build.0 = Release|Any CPU
	EndGlobalSection
	GlobalSection(SolutionProperties) = preSolution
		HideSolutionNode = FALSE
	EndGlobalSection
	GlobalSection(ExtensibilityGlobals) = postSolution
		SolutionGuid = {8E01C269-93BA-42F7-BCAC-141B58DE4E92}
	EndGlobalSection
EndGlobal
