
Microsoft Visual Studio Solution File, Format Version 12.00
# Visual Studio Version 17
VisualStudioVersion = 17.11.35327.3
MinimumVisualStudioVersion = 10.0.40219.1
Project("{FAE04EC0-301F-11D3-BF4B-00C04F79EFBC}") = "ConsoleApp142", "ConsoleApp142\ConsoleApp142.csproj", "{AAC409DD-0236-4246-9F1B-9B9DED1631A4}"
EndProject
Global
	GlobalSection(SolutionConfigurationPlatforms) = preSolution
		Debug|Any CPU = Debug|Any CPU
		Release|Any CPU = Release|Any CPU
	EndGlobalSection
	GlobalSection(ProjectConfigurationPlatforms) = postSolution
		{AAC409DD-0236-4246-9F1B-9B9DED1631A4}.Debug|Any CPU.ActiveCfg = Debug|Any CPU
		{AAC409DD-0236-4246-9F1B-9B9DED1631A4}.Debug|Any CPU.Build.0 = Debug|Any CPU
		{AAC409DD-0236-4246-9F1B-9B9DED1631A4}.Release|Any CPU.ActiveCfg = Release|Any CPU
		{AAC409DD-0236-4246-9F1B-9B9DED1631A4}.Release|Any CPU.Build.0 = Release|Any CPU
	EndGlobalSection
	GlobalSection(SolutionProperties) = preSolution
		HideSolutionNode = FALSE
	EndGlobalSection
	GlobalSection(ExtensibilityGlobals) = postSolution
		SolutionGuid = {5DCC7F00-208A-45F0-BA08-C1F1CA292EB4}
	EndGlobalSection
EndGlobal
