
Microsoft Visual Studio Solution File, Format Version 12.00
# Visual Studio Version 17
VisualStudioVersion = 17.2.32526.322
MinimumVisualStudioVersion = 10.0.40219.1
Project("{FAE04EC0-301F-11D3-BF4B-00C04F79EFBC}") = "for loops2", "for loops2\for loops2.csproj", "{881F54D1-D302-4D40-99A2-9FCDF84A63E2}"
EndProject
Global
	GlobalSection(SolutionConfigurationPlatforms) = preSolution
		Debug|Any CPU = Debug|Any CPU
		Release|Any CPU = Release|Any CPU
	EndGlobalSection
	GlobalSection(ProjectConfigurationPlatforms) = postSolution
		{881F54D1-D302-4D40-99A2-9FCDF84A63E2}.Debug|Any CPU.ActiveCfg = Debug|Any CPU
		{881F54D1-D302-4D40-99A2-9FCDF84A63E2}.Debug|Any CPU.Build.0 = Debug|Any CPU
		{881F54D1-D302-4D40-99A2-9FCDF84A63E2}.Release|Any CPU.ActiveCfg = Release|Any CPU
		{881F54D1-D302-4D40-99A2-9FCDF84A63E2}.Release|Any CPU.Build.0 = Release|Any CPU
	EndGlobalSection
	GlobalSection(SolutionProperties) = preSolution
		HideSolutionNode = FALSE
	EndGlobalSection
	GlobalSection(ExtensibilityGlobals) = postSolution
		SolutionGuid = {6163DD47-819D-4F8B-B81D-18960C69E2AE}
	EndGlobalSection
EndGlobal
