
Microsoft Visual Studio Solution File, Format Version 12.00
# Visual Studio Version 17
VisualStudioVersion = 17.2.32526.322
MinimumVisualStudioVersion = 10.0.40219.1
Project("{FAE04EC0-301F-11D3-BF4B-00C04F79EFBC}") = "if else if", "if else if\if else if.csproj", "{47A4E623-14D8-4DB1-A70C-384C71F9985F}"
EndProject
Global
	GlobalSection(SolutionConfigurationPlatforms) = preSolution
		Debug|Any CPU = Debug|Any CPU
		Release|Any CPU = Release|Any CPU
	EndGlobalSection
	GlobalSection(ProjectConfigurationPlatforms) = postSolution
		{47A4E623-14D8-4DB1-A70C-384C71F9985F}.Debug|Any CPU.ActiveCfg = Debug|Any CPU
		{47A4E623-14D8-4DB1-A70C-384C71F9985F}.Debug|Any CPU.Build.0 = Debug|Any CPU
		{47A4E623-14D8-4DB1-A70C-384C71F9985F}.Release|Any CPU.ActiveCfg = Release|Any CPU
		{47A4E623-14D8-4DB1-A70C-384C71F9985F}.Release|Any CPU.Build.0 = Release|Any CPU
	EndGlobalSection
	GlobalSection(SolutionProperties) = preSolution
		HideSolutionNode = FALSE
	EndGlobalSection
	GlobalSection(ExtensibilityGlobals) = postSolution
		SolutionGuid = {BA68B971-C02E-4186-BB66-E14AB1F07A55}
	EndGlobalSection
EndGlobal
